
Microsoft Visual Studio Solution File, Format Version 12.00
Project("{FAE04EC0-301F-11D3-BF4B-00C04F79EFBC}") = "LeagueOfStats.API", "LeagueOfStats.API\LeagueOfStats.API.csproj", "{1BDC855F-C286-4125-A557-3A098AABC60D}"
	ProjectSection(ProjectDependencies) = postProject
		{7871060F-B108-4FD2-9112-3E05191371D4} = {7871060F-B108-4FD2-9112-3E05191371D4}
	EndProjectSection
EndProject
Project("{FAE04EC0-301F-11D3-BF4B-00C04F79EFBC}") = "LeagueOfStats.Application", "LeagueOfStats.Application\LeagueOfStats.Application.csproj", "{7871060F-B108-4FD2-9112-3E05191371D4}"
EndProject
Project("{FAE04EC0-301F-11D3-BF4B-00C04F79EFBC}") = "LeagueOfStats.Domain", "LeagueOfStats.Domain\LeagueOfStats.Domain.csproj", "{6EB6CCA0-F8F4-4FC4-8873-9D39C6AC52F1}"
EndProject
Project("{FAE04EC0-301F-11D3-BF4B-00C04F79EFBC}") = "LeagueOfStats.Persistence", "LeagueOfStats.Persistence\LeagueOfStats.Persistence.csproj", "{8D7682BC-E818-487B-BB4A-0CC2B56C5F6F}"
EndProject
Global
	GlobalSection(SolutionConfigurationPlatforms) = preSolution
		Debug|Any CPU = Debug|Any CPU
		Release|Any CPU = Release|Any CPU
	EndGlobalSection
	GlobalSection(ProjectConfigurationPlatforms) = postSolution
		{1BDC855F-C286-4125-A557-3A098AABC60D}.Debug|Any CPU.ActiveCfg = Debug|Any CPU
		{1BDC855F-C286-4125-A557-3A098AABC60D}.Debug|Any CPU.Build.0 = Debug|Any CPU
		{1BDC855F-C286-4125-A557-3A098AABC60D}.Release|Any CPU.ActiveCfg = Release|Any CPU
		{1BDC855F-C286-4125-A557-3A098AABC60D}.Release|Any CPU.Build.0 = Release|Any CPU
		{7871060F-B108-4FD2-9112-3E05191371D4}.Debug|Any CPU.ActiveCfg = Debug|Any CPU
		{7871060F-B108-4FD2-9112-3E05191371D4}.Debug|Any CPU.Build.0 = Debug|Any CPU
		{7871060F-B108-4FD2-9112-3E05191371D4}.Release|Any CPU.ActiveCfg = Release|Any CPU
		{7871060F-B108-4FD2-9112-3E05191371D4}.Release|Any CPU.Build.0 = Release|Any CPU
		{6EB6CCA0-F8F4-4FC4-8873-9D39C6AC52F1}.Debug|Any CPU.ActiveCfg = Debug|Any CPU
		{6EB6CCA0-F8F4-4FC4-8873-9D39C6AC52F1}.Debug|Any CPU.Build.0 = Debug|Any CPU
		{6EB6CCA0-F8F4-4FC4-8873-9D39C6AC52F1}.Release|Any CPU.ActiveCfg = Release|Any CPU
		{6EB6CCA0-F8F4-4FC4-8873-9D39C6AC52F1}.Release|Any CPU.Build.0 = Release|Any CPU
		{8D7682BC-E818-487B-BB4A-0CC2B56C5F6F}.Debug|Any CPU.ActiveCfg = Debug|Any CPU
		{8D7682BC-E818-487B-BB4A-0CC2B56C5F6F}.Debug|Any CPU.Build.0 = Debug|Any CPU
		{8D7682BC-E818-487B-BB4A-0CC2B56C5F6F}.Release|Any CPU.ActiveCfg = Release|Any CPU
		{8D7682BC-E818-487B-BB4A-0CC2B56C5F6F}.Release|Any CPU.Build.0 = Release|Any CPU
	EndGlobalSection
EndGlobal
